
Microsoft Visual Studio Solution File, Format Version 12.00
# Visual Studio Version 16
VisualStudioVersion = 16.0.31424.327
MinimumVisualStudioVersion = 10.0.40219.1
Project("{2150E333-8FDC-42A3-9474-1A3956D46DE8}") = "Client", "Client", "{C75055A8-FEC5-4CBE-BE29-DFE4D3B73CF7}"
EndProject
Project("{2150E333-8FDC-42A3-9474-1A3956D46DE8}") = "Server", "Server", "{9544E396-0A97-42E7-9BC4-B20ACD1FC76E}"
EndProject
Project("{2150E333-8FDC-42A3-9474-1A3956D46DE8}") = "CPPLogger", "CPPLogger", "{11CA5623-55AC-42CA-BDC4-941D39C3223C}"
EndProject
Project("{2150E333-8FDC-42A3-9474-1A3956D46DE8}") = "XMLParser", "XMLParser", "{0111DD19-FAD1-4283-9949-4902BFBA6437}"
EndProject
Project("{2150E333-8FDC-42A3-9474-1A3956D46DE8}") = "DBManager", "DBManager", "{B962B209-6A5D-4EB8-AEFF-FB25BFC1F406}"
EndProject
Project("{2150E333-8FDC-42A3-9474-1A3956D46DE8}") = "Crypto", "Crypto", "{7E90BD66-8414-48D3-885E-B09A98DE3343}"
EndProject
Project("{2150E333-8FDC-42A3-9474-1A3956D46DE8}") = "Utils", "Utils", "{B3C05D07-2D48-45FF-91E7-3233E2D48B96}"
EndProject
Project("{2150E333-8FDC-42A3-9474-1A3956D46DE8}") = "UnitTests", "UnitTests", "{6DC2CAF2-2CE0-4DB1-AD49-01BFA93E0F63}"
EndProject
Project("{8BC9CEB8-8B4A-11D0-8D11-00A0C91BC942}") = "CPPLogger", "CPPLogger\CPPLogger.vcxproj", "{70B6F6C6-F26B-409A-AEA3-1EC6415D32BA}"
	ProjectSection(ProjectDependencies) = postProject
		{B6BA0EE6-5F9F-4595-A7CC-C3939C374BC9} = {B6BA0EE6-5F9F-4595-A7CC-C3939C374BC9}
	EndProjectSection
EndProject
Project("{8BC9CEB8-8B4A-11D0-8D11-00A0C91BC942}") = "XMLParser", "XMLParser\XMLParser.vcxproj", "{9D6C21C4-B62A-46B0-AC6B-DCB91D09C8A2}"
	ProjectSection(ProjectDependencies) = postProject
		{70B6F6C6-F26B-409A-AEA3-1EC6415D32BA} = {70B6F6C6-F26B-409A-AEA3-1EC6415D32BA}
	EndProjectSection
EndProject
Project("{8BC9CEB8-8B4A-11D0-8D11-00A0C91BC942}") = "Client_UI", "Client\mainwindow.vcxproj", "{77137F00-A472-41FA-A7BC-6BE714451C04}"
	ProjectSection(ProjectDependencies) = postProject
		{99689B4F-4D43-4107-A04B-79F7AB4E5928} = {99689B4F-4D43-4107-A04B-79F7AB4E5928}
		{6179B3B8-4B11-4AE4-A768-396C4D8FDBCB} = {6179B3B8-4B11-4AE4-A768-396C4D8FDBCB}
		{9D6C21C4-B62A-46B0-AC6B-DCB91D09C8A2} = {9D6C21C4-B62A-46B0-AC6B-DCB91D09C8A2}
		{70B6F6C6-F26B-409A-AEA3-1EC6415D32BA} = {70B6F6C6-F26B-409A-AEA3-1EC6415D32BA}
	EndProjectSection
EndProject
Project("{2150E333-8FDC-42A3-9474-1A3956D46DE8}") = "XMLParserForLogger", "XMLParserForLogger", "{DC5E7818-B5FB-4093-88B8-D99F64DC955D}"
EndProject
Project("{8BC9CEB8-8B4A-11D0-8D11-00A0C91BC942}") = "XMLParserForLogger", "XMLParserForLogger\XMLParserForLogger.vcxproj", "{B6BA0EE6-5F9F-4595-A7CC-C3939C374BC9}"
EndProject
Project("{8BC9CEB8-8B4A-11D0-8D11-00A0C91BC942}") = "SMTPServer", "SMTPServer\SMTPServer.vcxproj", "{7EB0BB4A-6775-4261-9F31-D23F867FB13E}"
	ProjectSection(ProjectDependencies) = postProject
		{99689B4F-4D43-4107-A04B-79F7AB4E5928} = {99689B4F-4D43-4107-A04B-79F7AB4E5928}
		{9D6C21C4-B62A-46B0-AC6B-DCB91D09C8A2} = {9D6C21C4-B62A-46B0-AC6B-DCB91D09C8A2}
		{70B6F6C6-F26B-409A-AEA3-1EC6415D32BA} = {70B6F6C6-F26B-409A-AEA3-1EC6415D32BA}
		{CD24FBFA-DF1C-43D4-9F36-0E3AF597311D} = {CD24FBFA-DF1C-43D4-9F36-0E3AF597311D}
	EndProjectSection
EndProject
Project("{8BC9CEB8-8B4A-11D0-8D11-00A0C91BC942}") = "SMTPClientUnitTests", "SMTPClientUnitTests\SMTPClientUnitTests.vcxproj", "{D5EBC184-B6B2-42CC-A80C-90460C93BD77}"
EndProject
Project("{8BC9CEB8-8B4A-11D0-8D11-00A0C91BC942}") = "Crypto", "Crypto\Crypto.vcxproj", "{99689B4F-4D43-4107-A04B-79F7AB4E5928}"
EndProject
Project("{8BC9CEB8-8B4A-11D0-8D11-00A0C91BC942}") = "SMTPCryptoUnitTests", "SMTPCryptoUnitTests\SMTPCryptoUnitTests.vcxproj", "{8F0FF1EC-2690-4831-80BD-E421D2304BB9}"
EndProject
Project("{2150E333-8FDC-42A3-9474-1A3956D46DE8}") = "XMLCreator", "XMLCreator", "{C15E7308-4A56-4EFF-9B70-4DE1B625EB9A}"
EndProject
Project("{8BC9CEB8-8B4A-11D0-8D11-00A0C91BC942}") = "XMLCreator", "XMLCreator\XMLCreator.vcxproj", "{6179B3B8-4B11-4AE4-A768-396C4D8FDBCB}"
EndProject
Project("{8BC9CEB8-8B4A-11D0-8D11-00A0C91BC942}") = "SqlServerLib", "SqlServerLib\SqlServerLib.vcxproj", "{CD24FBFA-DF1C-43D4-9F36-0E3AF597311D}"
	ProjectSection(ProjectDependencies) = postProject
		{99689B4F-4D43-4107-A04B-79F7AB4E5928} = {99689B4F-4D43-4107-A04B-79F7AB4E5928}
		{70B6F6C6-F26B-409A-AEA3-1EC6415D32BA} = {70B6F6C6-F26B-409A-AEA3-1EC6415D32BA}
	EndProjectSection
EndProject
Global
	GlobalSection(SolutionConfigurationPlatforms) = preSolution
		Debug|x64 = Debug|x64
		Debug|x86 = Debug|x86
		Release|x64 = Release|x64
		Release|x86 = Release|x86
	EndGlobalSection
	GlobalSection(ProjectConfigurationPlatforms) = postSolution
		{70B6F6C6-F26B-409A-AEA3-1EC6415D32BA}.Debug|x64.ActiveCfg = Debug|x64
		{70B6F6C6-F26B-409A-AEA3-1EC6415D32BA}.Debug|x64.Build.0 = Debug|x64
		{70B6F6C6-F26B-409A-AEA3-1EC6415D32BA}.Debug|x86.ActiveCfg = Debug|Win32
		{70B6F6C6-F26B-409A-AEA3-1EC6415D32BA}.Debug|x86.Build.0 = Debug|Win32
		{70B6F6C6-F26B-409A-AEA3-1EC6415D32BA}.Release|x64.ActiveCfg = Release|x64
		{70B6F6C6-F26B-409A-AEA3-1EC6415D32BA}.Release|x64.Build.0 = Release|x64
		{70B6F6C6-F26B-409A-AEA3-1EC6415D32BA}.Release|x86.ActiveCfg = Release|Win32
		{70B6F6C6-F26B-409A-AEA3-1EC6415D32BA}.Release|x86.Build.0 = Release|Win32
		{9D6C21C4-B62A-46B0-AC6B-DCB91D09C8A2}.Debug|x64.ActiveCfg = Debug|x64
		{9D6C21C4-B62A-46B0-AC6B-DCB91D09C8A2}.Debug|x64.Build.0 = Debug|x64
		{9D6C21C4-B62A-46B0-AC6B-DCB91D09C8A2}.Debug|x86.ActiveCfg = Debug|Win32
		{9D6C21C4-B62A-46B0-AC6B-DCB91D09C8A2}.Release|x64.ActiveCfg = Release|x64
		{9D6C21C4-B62A-46B0-AC6B-DCB91D09C8A2}.Release|x64.Build.0 = Release|x64
		{9D6C21C4-B62A-46B0-AC6B-DCB91D09C8A2}.Release|x86.ActiveCfg = Release|Win32
		{77137F00-A472-41FA-A7BC-6BE714451C04}.Debug|x64.ActiveCfg = Debug|x64
		{77137F00-A472-41FA-A7BC-6BE714451C04}.Debug|x64.Build.0 = Debug|x64
		{77137F00-A472-41FA-A7BC-6BE714451C04}.Debug|x86.ActiveCfg = Debug|x64
		{77137F00-A472-41FA-A7BC-6BE714451C04}.Release|x64.ActiveCfg = Release|x64
		{77137F00-A472-41FA-A7BC-6BE714451C04}.Release|x64.Build.0 = Release|x64
		{77137F00-A472-41FA-A7BC-6BE714451C04}.Release|x86.ActiveCfg = Release|x64
		{B6BA0EE6-5F9F-4595-A7CC-C3939C374BC9}.Debug|x64.ActiveCfg = Debug|x64
		{B6BA0EE6-5F9F-4595-A7CC-C3939C374BC9}.Debug|x64.Build.0 = Debug|x64
		{B6BA0EE6-5F9F-4595-A7CC-C3939C374BC9}.Debug|x86.ActiveCfg = Debug|Win32
		{B6BA0EE6-5F9F-4595-A7CC-C3939C374BC9}.Debug|x86.Build.0 = Debug|Win32
		{B6BA0EE6-5F9F-4595-A7CC-C3939C374BC9}.Release|x64.ActiveCfg = Release|x64
		{B6BA0EE6-5F9F-4595-A7CC-C3939C374BC9}.Release|x64.Build.0 = Release|x64
		{B6BA0EE6-5F9F-4595-A7CC-C3939C374BC9}.Release|x86.ActiveCfg = Release|Win32
		{B6BA0EE6-5F9F-4595-A7CC-C3939C374BC9}.Release|x86.Build.0 = Release|Win32
		{7EB0BB4A-6775-4261-9F31-D23F867FB13E}.Debug|x64.ActiveCfg = Debug|x64
		{7EB0BB4A-6775-4261-9F31-D23F867FB13E}.Debug|x64.Build.0 = Debug|x64
		{7EB0BB4A-6775-4261-9F31-D23F867FB13E}.Debug|x86.ActiveCfg = Debug|Win32
		{7EB0BB4A-6775-4261-9F31-D23F867FB13E}.Debug|x86.Build.0 = Debug|Win32
		{7EB0BB4A-6775-4261-9F31-D23F867FB13E}.Release|x64.ActiveCfg = Release|x64
		{7EB0BB4A-6775-4261-9F31-D23F867FB13E}.Release|x64.Build.0 = Release|x64
		{7EB0BB4A-6775-4261-9F31-D23F867FB13E}.Release|x86.ActiveCfg = Release|Win32
		{7EB0BB4A-6775-4261-9F31-D23F867FB13E}.Release|x86.Build.0 = Release|Win32
		{D5EBC184-B6B2-42CC-A80C-90460C93BD77}.Debug|x64.ActiveCfg = Debug|x64
		{D5EBC184-B6B2-42CC-A80C-90460C93BD77}.Debug|x64.Build.0 = Debug|x64
		{D5EBC184-B6B2-42CC-A80C-90460C93BD77}.Debug|x86.ActiveCfg = Debug|Win32
		{D5EBC184-B6B2-42CC-A80C-90460C93BD77}.Debug|x86.Build.0 = Debug|Win32
		{D5EBC184-B6B2-42CC-A80C-90460C93BD77}.Release|x64.ActiveCfg = Release|x64
		{D5EBC184-B6B2-42CC-A80C-90460C93BD77}.Release|x64.Build.0 = Release|x64
		{D5EBC184-B6B2-42CC-A80C-90460C93BD77}.Release|x86.ActiveCfg = Release|Win32
		{D5EBC184-B6B2-42CC-A80C-90460C93BD77}.Release|x86.Build.0 = Release|Win32
		{99689B4F-4D43-4107-A04B-79F7AB4E5928}.Debug|x64.ActiveCfg = Debug|x64
		{99689B4F-4D43-4107-A04B-79F7AB4E5928}.Debug|x64.Build.0 = Debug|x64
		{99689B4F-4D43-4107-A04B-79F7AB4E5928}.Debug|x86.ActiveCfg = Debug|Win32
		{99689B4F-4D43-4107-A04B-79F7AB4E5928}.Debug|x86.Build.0 = Debug|Win32
		{99689B4F-4D43-4107-A04B-79F7AB4E5928}.Release|x64.ActiveCfg = Release|x64
		{99689B4F-4D43-4107-A04B-79F7AB4E5928}.Release|x64.Build.0 = Release|x64
		{99689B4F-4D43-4107-A04B-79F7AB4E5928}.Release|x86.ActiveCfg = Release|Win32
		{99689B4F-4D43-4107-A04B-79F7AB4E5928}.Release|x86.Build.0 = Release|Win32
		{8F0FF1EC-2690-4831-80BD-E421D2304BB9}.Debug|x64.ActiveCfg = Debug|x64
		{8F0FF1EC-2690-4831-80BD-E421D2304BB9}.Debug|x64.Build.0 = Debug|x64
		{8F0FF1EC-2690-4831-80BD-E421D2304BB9}.Debug|x86.ActiveCfg = Debug|Win32
		{8F0FF1EC-2690-4831-80BD-E421D2304BB9}.Debug|x86.Build.0 = Debug|Win32
		{8F0FF1EC-2690-4831-80BD-E421D2304BB9}.Release|x64.ActiveCfg = Release|x64
		{8F0FF1EC-2690-4831-80BD-E421D2304BB9}.Release|x64.Build.0 = Release|x64
		{8F0FF1EC-2690-4831-80BD-E421D2304BB9}.Release|x86.ActiveCfg = Release|Win32
		{8F0FF1EC-2690-4831-80BD-E421D2304BB9}.Release|x86.Build.0 = Release|Win32
		{6179B3B8-4B11-4AE4-A768-396C4D8FDBCB}.Debug|x64.ActiveCfg = Debug|x64
		{6179B3B8-4B11-4AE4-A768-396C4D8FDBCB}.Debug|x64.Build.0 = Debug|x64
		{6179B3B8-4B11-4AE4-A768-396C4D8FDBCB}.Debug|x86.ActiveCfg = Debug|Win32
		{6179B3B8-4B11-4AE4-A768-396C4D8FDBCB}.Debug|x86.Build.0 = Debug|Win32
		{6179B3B8-4B11-4AE4-A768-396C4D8FDBCB}.Release|x64.ActiveCfg = Release|x64
		{6179B3B8-4B11-4AE4-A768-396C4D8FDBCB}.Release|x64.Build.0 = Release|x64
		{6179B3B8-4B11-4AE4-A768-396C4D8FDBCB}.Release|x86.ActiveCfg = Release|Win32
		{6179B3B8-4B11-4AE4-A768-396C4D8FDBCB}.Release|x86.Build.0 = Release|Win32
		{CD24FBFA-DF1C-43D4-9F36-0E3AF597311D}.Debug|x64.ActiveCfg = Debug|x64
		{CD24FBFA-DF1C-43D4-9F36-0E3AF597311D}.Debug|x64.Build.0 = Debug|x64
		{CD24FBFA-DF1C-43D4-9F36-0E3AF597311D}.Debug|x86.ActiveCfg = Debug|Win32
		{CD24FBFA-DF1C-43D4-9F36-0E3AF597311D}.Debug|x86.Build.0 = Debug|Win32
		{CD24FBFA-DF1C-43D4-9F36-0E3AF597311D}.Release|x64.ActiveCfg = Release|x64
		{CD24FBFA-DF1C-43D4-9F36-0E3AF597311D}.Release|x64.Build.0 = Release|x64
		{CD24FBFA-DF1C-43D4-9F36-0E3AF597311D}.Release|x86.ActiveCfg = Release|Win32
		{CD24FBFA-DF1C-43D4-9F36-0E3AF597311D}.Release|x86.Build.0 = Release|Win32
	EndGlobalSection
	GlobalSection(SolutionProperties) = preSolution
		HideSolutionNode = FALSE
	EndGlobalSection
	GlobalSection(NestedProjects) = preSolution
		{70B6F6C6-F26B-409A-AEA3-1EC6415D32BA} = {11CA5623-55AC-42CA-BDC4-941D39C3223C}
		{9D6C21C4-B62A-46B0-AC6B-DCB91D09C8A2} = {0111DD19-FAD1-4283-9949-4902BFBA6437}
		{77137F00-A472-41FA-A7BC-6BE714451C04} = {C75055A8-FEC5-4CBE-BE29-DFE4D3B73CF7}
		{B6BA0EE6-5F9F-4595-A7CC-C3939C374BC9} = {DC5E7818-B5FB-4093-88B8-D99F64DC955D}
		{7EB0BB4A-6775-4261-9F31-D23F867FB13E} = {9544E396-0A97-42E7-9BC4-B20ACD1FC76E}
		{D5EBC184-B6B2-42CC-A80C-90460C93BD77} = {6DC2CAF2-2CE0-4DB1-AD49-01BFA93E0F63}
		{99689B4F-4D43-4107-A04B-79F7AB4E5928} = {7E90BD66-8414-48D3-885E-B09A98DE3343}
		{8F0FF1EC-2690-4831-80BD-E421D2304BB9} = {6DC2CAF2-2CE0-4DB1-AD49-01BFA93E0F63}
		{6179B3B8-4B11-4AE4-A768-396C4D8FDBCB} = {C15E7308-4A56-4EFF-9B70-4DE1B625EB9A}
		{CD24FBFA-DF1C-43D4-9F36-0E3AF597311D} = {B962B209-6A5D-4EB8-AEFF-FB25BFC1F406}
	EndGlobalSection
	GlobalSection(ExtensibilityGlobals) = postSolution
		SolutionGuid = {1D3ABC82-6438-460D-823A-34D8A7C05465}
	EndGlobalSection
EndGlobal
